{
  "name": "factBook",
  "lockfileVersion": 2,
  "requires": true,
  "packages": {
    "": {
      "dependencies": {
        "crypto-js": "^4.1.1",
        "datamap": "^0.0.2",
        "map": "^1.0.1"
      }
    },
    "node_modules/crypto-js": {
      "version": "4.1.1",
      "resolved": "https://registry.npmjs.org/crypto-js/-/crypto-js-4.1.1.tgz",
      "integrity": "sha512-o2JlM7ydqd3Qk9CA0L4NL6mTzU2sdx96a+oOfPu8Mkl/PK51vSyoi8/rQ8NknZtk44vq15lmhAj9CIAGwgeWKw=="
    },
    "node_modules/datamap": {
      "version": "0.0.2",
      "resolved": "https://registry.npmjs.org/datamap/-/datamap-0.0.2.tgz",
      "integrity": "sha1-FqN3UWgsBynbr0PoXqDexYIAYvU="
    },
    "node_modules/map": {
      "version": "1.0.1",
      "resolved": "https://registry.npmjs.org/map/-/map-1.0.1.tgz",
      "integrity": "sha1-mKokwl3F9o8angqR7i/wgWM0rFY="
    }
  },
  "dependencies": {
    "crypto-js": {
      "version": "4.1.1",
      "resolved": "https://registry.npmjs.org/crypto-js/-/crypto-js-4.1.1.tgz",
      "integrity": "sha512-o2JlM7ydqd3Qk9CA0L4NL6mTzU2sdx96a+oOfPu8Mkl/PK51vSyoi8/rQ8NknZtk44vq15lmhAj9CIAGwgeWKw=="
    },
    "datamap": {
      "version": "0.0.2",
      "resolved": "https://registry.npmjs.org/datamap/-/datamap-0.0.2.tgz",
      "integrity": "sha1-FqN3UWgsBynbr0PoXqDexYIAYvU="
    },
    "map": {
      "version": "1.0.1",
      "resolved": "https://registry.npmjs.org/map/-/map-1.0.1.tgz",
      "integrity": "sha1-mKokwl3F9o8angqR7i/wgWM0rFY="
    }
  }
}
